
Microsoft Visual Studio Solution File, Format Version 12.00
# Visual Studio Version 17
VisualStudioVersion = 17.8.34322.80
MinimumVisualStudioVersion = 10.0.40219.1
Project("{FAE04EC0-301F-11D3-BF4B-00C04F79EFBC}") = "تمرین 1", "تمرین 1\تمرین 1.csproj", "{7DFD272E-1E67-4A57-BCB2-A760A420B221}"
EndProject
Global
	GlobalSection(SolutionConfigurationPlatforms) = preSolution
		Debug|Any CPU = Debug|Any CPU
		Release|Any CPU = Release|Any CPU
	EndGlobalSection
	GlobalSection(ProjectConfigurationPlatforms) = postSolution
		{7DFD272E-1E67-4A57-BCB2-A760A420B221}.Debug|Any CPU.ActiveCfg = Debug|Any CPU
		{7DFD272E-1E67-4A57-BCB2-A760A420B221}.Debug|Any CPU.Build.0 = Debug|Any CPU
		{7DFD272E-1E67-4A57-BCB2-A760A420B221}.Release|Any CPU.ActiveCfg = Release|Any CPU
		{7DFD272E-1E67-4A57-BCB2-A760A420B221}.Release|Any CPU.Build.0 = Release|Any CPU
	EndGlobalSection
	GlobalSection(SolutionProperties) = preSolution
		HideSolutionNode = FALSE
	EndGlobalSection
	GlobalSection(ExtensibilityGlobals) = postSolution
		SolutionGuid = {1BF3ECE3-40DC-4AC6-8DA1-6768BEBC469C}
	EndGlobalSection
EndGlobal
